
Microsoft Visual Studio Solution File, Format Version 12.00
# Visual Studio Version 17
VisualStudioVersion = 17.1.32414.318
MinimumVisualStudioVersion = 10.0.40219.1
Project("{FAE04EC0-301F-11D3-BF4B-00C04F79EFBC}") = "ProgramaDeNomina", "ProgramaDeNomina\ProgramaDeNomina.csproj", "{831E84B3-B0AD-448E-9CBE-D77CC42C8021}"
EndProject
Global
	GlobalSection(SolutionConfigurationPlatforms) = preSolution
		Debug|Any CPU = Debug|Any CPU
		Release|Any CPU = Release|Any CPU
	EndGlobalSection
	GlobalSection(ProjectConfigurationPlatforms) = postSolution
		{831E84B3-B0AD-448E-9CBE-D77CC42C8021}.Debug|Any CPU.ActiveCfg = Debug|Any CPU
		{831E84B3-B0AD-448E-9CBE-D77CC42C8021}.Debug|Any CPU.Build.0 = Debug|Any CPU
		{831E84B3-B0AD-448E-9CBE-D77CC42C8021}.Release|Any CPU.ActiveCfg = Release|Any CPU
		{831E84B3-B0AD-448E-9CBE-D77CC42C8021}.Release|Any CPU.Build.0 = Release|Any CPU
	EndGlobalSection
	GlobalSection(SolutionProperties) = preSolution
		HideSolutionNode = FALSE
	EndGlobalSection
	GlobalSection(ExtensibilityGlobals) = postSolution
		SolutionGuid = {8EE30AE1-24AC-4996-8620-C05C8FD8F111}
	EndGlobalSection
EndGlobal
